
Microsoft Visual Studio Solution File, Format Version 12.00
# Visual Studio 14
VisualStudioVersion = 14.0.23107.0
MinimumVisualStudioVersion = 10.0.40219.1
Project("{FAE04EC0-301F-11D3-BF4B-00C04F79EFBC}") = "Chp.4update", "Chp.4update\Chp.4update.csproj", "{0C7991BC-3789-4C0D-9D15-82FB147591A3}"
EndProject
Project("{FAE04EC0-301F-11D3-BF4B-00C04F79EFBC}") = "Chp.5update", "Chp.5update\Chp.5update.csproj", "{5E40BAFF-7352-4845-8AB3-CA9B09396235}"
EndProject
Project("{FAE04EC0-301F-11D3-BF4B-00C04F79EFBC}") = "Chp.6update", "Chp.6update\Chp.6update.csproj", "{65558C96-B5AE-4F88-A7EF-78D06A90A690}"
EndProject
Project("{FAE04EC0-301F-11D3-BF4B-00C04F79EFBC}") = "Chp.7update", "Chp.7update\Chp.7update.csproj", "{E2D5978E-576B-4255-A010-99BD1A6BC95B}"
EndProject
Project("{FAE04EC0-301F-11D3-BF4B-00C04F79EFBC}") = "Chp.9update", "Chp.9update\Chp.9update.csproj", "{16DBD7F9-E0DC-4284-BFD1-D64835B52DA4}"
EndProject
Project("{FAE04EC0-301F-11D3-BF4B-00C04F79EFBC}") = "Chp.11update", "Chp.11update\Chp.11update.csproj", "{DDB98C4D-8A5A-418C-8121-68381C2D1050}"
EndProject
Project("{FAE04EC0-301F-11D3-BF4B-00C04F79EFBC}") = "Chp.10update", "Chp.10update\Chp.10update.csproj", "{40BBE051-48EE-48E4-8D26-E19D1A6FE8D0}"
EndProject
Global
	GlobalSection(SolutionConfigurationPlatforms) = preSolution
		Debug|Any CPU = Debug|Any CPU
		Release|Any CPU = Release|Any CPU
	EndGlobalSection
	GlobalSection(ProjectConfigurationPlatforms) = postSolution
		{0C7991BC-3789-4C0D-9D15-82FB147591A3}.Debug|Any CPU.ActiveCfg = Debug|Any CPU
		{0C7991BC-3789-4C0D-9D15-82FB147591A3}.Debug|Any CPU.Build.0 = Debug|Any CPU
		{0C7991BC-3789-4C0D-9D15-82FB147591A3}.Release|Any CPU.ActiveCfg = Release|Any CPU
		{0C7991BC-3789-4C0D-9D15-82FB147591A3}.Release|Any CPU.Build.0 = Release|Any CPU
		{5E40BAFF-7352-4845-8AB3-CA9B09396235}.Debug|Any CPU.ActiveCfg = Debug|Any CPU
		{5E40BAFF-7352-4845-8AB3-CA9B09396235}.Debug|Any CPU.Build.0 = Debug|Any CPU
		{5E40BAFF-7352-4845-8AB3-CA9B09396235}.Release|Any CPU.ActiveCfg = Release|Any CPU
		{5E40BAFF-7352-4845-8AB3-CA9B09396235}.Release|Any CPU.Build.0 = Release|Any CPU
		{65558C96-B5AE-4F88-A7EF-78D06A90A690}.Debug|Any CPU.ActiveCfg = Debug|Any CPU
		{65558C96-B5AE-4F88-A7EF-78D06A90A690}.Debug|Any CPU.Build.0 = Debug|Any CPU
		{65558C96-B5AE-4F88-A7EF-78D06A90A690}.Release|Any CPU.ActiveCfg = Release|Any CPU
		{65558C96-B5AE-4F88-A7EF-78D06A90A690}.Release|Any CPU.Build.0 = Release|Any CPU
		{E2D5978E-576B-4255-A010-99BD1A6BC95B}.Debug|Any CPU.ActiveCfg = Debug|Any CPU
		{E2D5978E-576B-4255-A010-99BD1A6BC95B}.Debug|Any CPU.Build.0 = Debug|Any CPU
		{E2D5978E-576B-4255-A010-99BD1A6BC95B}.Release|Any CPU.ActiveCfg = Release|Any CPU
		{E2D5978E-576B-4255-A010-99BD1A6BC95B}.Release|Any CPU.Build.0 = Release|Any CPU
		{16DBD7F9-E0DC-4284-BFD1-D64835B52DA4}.Debug|Any CPU.ActiveCfg = Debug|Any CPU
		{16DBD7F9-E0DC-4284-BFD1-D64835B52DA4}.Debug|Any CPU.Build.0 = Debug|Any CPU
		{16DBD7F9-E0DC-4284-BFD1-D64835B52DA4}.Release|Any CPU.ActiveCfg = Release|Any CPU
		{16DBD7F9-E0DC-4284-BFD1-D64835B52DA4}.Release|Any CPU.Build.0 = Release|Any CPU
		{DDB98C4D-8A5A-418C-8121-68381C2D1050}.Debug|Any CPU.ActiveCfg = Debug|Any CPU
		{DDB98C4D-8A5A-418C-8121-68381C2D1050}.Debug|Any CPU.Build.0 = Debug|Any CPU
		{DDB98C4D-8A5A-418C-8121-68381C2D1050}.Release|Any CPU.ActiveCfg = Release|Any CPU
		{DDB98C4D-8A5A-418C-8121-68381C2D1050}.Release|Any CPU.Build.0 = Release|Any CPU
		{40BBE051-48EE-48E4-8D26-E19D1A6FE8D0}.Debug|Any CPU.ActiveCfg = Debug|Any CPU
		{40BBE051-48EE-48E4-8D26-E19D1A6FE8D0}.Debug|Any CPU.Build.0 = Debug|Any CPU
		{40BBE051-48EE-48E4-8D26-E19D1A6FE8D0}.Release|Any CPU.ActiveCfg = Release|Any CPU
		{40BBE051-48EE-48E4-8D26-E19D1A6FE8D0}.Release|Any CPU.Build.0 = Release|Any CPU
	EndGlobalSection
	GlobalSection(SolutionProperties) = preSolution
		HideSolutionNode = FALSE
	EndGlobalSection
EndGlobal
